
Microsoft Visual Studio Solution File, Format Version 12.00
# Visual Studio Version 17
VisualStudioVersion = 17.2.32630.192
MinimumVisualStudioVersion = 10.0.40219.1
Project("{9A19103F-16F7-4668-BE54-9A1E7A4F7556}") = "3.PL", "3.PL\3.PL.csproj", "{704E212E-37FB-42D0-BDAA-6677E0B614AB}"
EndProject
Project("{9A19103F-16F7-4668-BE54-9A1E7A4F7556}") = "1.DAL", "1.DAL\1.DAL.csproj", "{45B8C554-6E6F-445B-83CC-B90AC0DF9715}"
EndProject
Project("{9A19103F-16F7-4668-BE54-9A1E7A4F7556}") = "2.BUS", "2.BUS\2.BUS.csproj", "{3A2711A0-B8DF-4E1D-8172-8BDF25C675ED}"
EndProject
Global
	GlobalSection(SolutionConfigurationPlatforms) = preSolution
		Debug|Any CPU = Debug|Any CPU
		Release|Any CPU = Release|Any CPU
	EndGlobalSection
	GlobalSection(ProjectConfigurationPlatforms) = postSolution
		{704E212E-37FB-42D0-BDAA-6677E0B614AB}.Debug|Any CPU.ActiveCfg = Debug|Any CPU
		{704E212E-37FB-42D0-BDAA-6677E0B614AB}.Debug|Any CPU.Build.0 = Debug|Any CPU
		{704E212E-37FB-42D0-BDAA-6677E0B614AB}.Release|Any CPU.ActiveCfg = Release|Any CPU
		{704E212E-37FB-42D0-BDAA-6677E0B614AB}.Release|Any CPU.Build.0 = Release|Any CPU
		{45B8C554-6E6F-445B-83CC-B90AC0DF9715}.Debug|Any CPU.ActiveCfg = Debug|Any CPU
		{45B8C554-6E6F-445B-83CC-B90AC0DF9715}.Debug|Any CPU.Build.0 = Debug|Any CPU
		{45B8C554-6E6F-445B-83CC-B90AC0DF9715}.Release|Any CPU.ActiveCfg = Release|Any CPU
		{45B8C554-6E6F-445B-83CC-B90AC0DF9715}.Release|Any CPU.Build.0 = Release|Any CPU
		{3A2711A0-B8DF-4E1D-8172-8BDF25C675ED}.Debug|Any CPU.ActiveCfg = Debug|Any CPU
		{3A2711A0-B8DF-4E1D-8172-8BDF25C675ED}.Debug|Any CPU.Build.0 = Debug|Any CPU
		{3A2711A0-B8DF-4E1D-8172-8BDF25C675ED}.Release|Any CPU.ActiveCfg = Release|Any CPU
		{3A2711A0-B8DF-4E1D-8172-8BDF25C675ED}.Release|Any CPU.Build.0 = Release|Any CPU
	EndGlobalSection
	GlobalSection(SolutionProperties) = preSolution
		HideSolutionNode = FALSE
	EndGlobalSection
	GlobalSection(ExtensibilityGlobals) = postSolution
		SolutionGuid = {8B5A8E97-7379-447A-B55F-B5BBC6CB0AEE}
	EndGlobalSection
EndGlobal
